
Microsoft Visual Studio Solution File, Format Version 11.00
# Visual Studio 2010
Project("{FAE04EC0-301F-11D3-BF4B-00C04F79EFBC}") = "GhostmonkMainSite", "GhostmonkMainSite\GhostmonkMainSite.csproj", "{9E350419-A1C6-45C3-9C19-D1F823FED74A}"
EndProject
Project("{FAE04EC0-301F-11D3-BF4B-00C04F79EFBC}") = "GhostmonkMainSite.Tests", "GhostmonkMainSite.Tests\GhostmonkMainSite.Tests.csproj", "{96B8894C-736F-4344-B0FB-58E298737897}"
EndProject
Project("{FAE04EC0-301F-11D3-BF4B-00C04F79EFBC}") = "GhostmonkLib", "GhostmonkLib\GhostmonkLib.csproj", "{B4CF15A5-DAE1-4EA4-BEC9-149EDEA5BF62}"
EndProject
Project("{FAE04EC0-301F-11D3-BF4B-00C04F79EFBC}") = "GhostmonkMainSiteModel", "GhostmonkMainSiteModel\GhostmonkMainSiteModel.csproj", "{434400D9-0687-44D9-BF2F-49CDD3076854}"
EndProject
Project("{FAE04EC0-301F-11D3-BF4B-00C04F79EFBC}") = "GhostmonkLib.Tests", "GhostmonkLib.Tests\GhostmonkLib.Tests.csproj", "{6991347E-567E-4FFE-9931-0B4D7F0226EF}"
EndProject
Project("{E24C65DC-7377-472B-9ABA-BC803B73C61A}") = "MainSite", "..\MainSite\", "{7172A937-EE41-4202-81AE-3EDEF7F52062}"
	ProjectSection(WebsiteProperties) = preProject
		TargetFrameworkMoniker = ".NETFramework,Version%3Dv4.0"
		Debug.AspNetCompiler.VirtualPath = "/MainSite"
		Debug.AspNetCompiler.PhysicalPath = "..\MainSite\"
		Debug.AspNetCompiler.TargetPath = "PrecompiledWeb\MainSite\"
		Debug.AspNetCompiler.Updateable = "true"
		Debug.AspNetCompiler.ForceOverwrite = "true"
		Debug.AspNetCompiler.FixedNames = "false"
		Debug.AspNetCompiler.Debug = "True"
		Release.AspNetCompiler.VirtualPath = "/MainSite"
		Release.AspNetCompiler.PhysicalPath = "..\MainSite\"
		Release.AspNetCompiler.TargetPath = "PrecompiledWeb\MainSite\"
		Release.AspNetCompiler.Updateable = "true"
		Release.AspNetCompiler.ForceOverwrite = "true"
		Release.AspNetCompiler.FixedNames = "false"
		Release.AspNetCompiler.Debug = "False"
		VWDPort = "7794"
	EndProjectSection
EndProject
Global
	GlobalSection(SolutionConfigurationPlatforms) = preSolution
		Debug|Any CPU = Debug|Any CPU
		Release|Any CPU = Release|Any CPU
	EndGlobalSection
	GlobalSection(ProjectConfigurationPlatforms) = postSolution
		{9E350419-A1C6-45C3-9C19-D1F823FED74A}.Debug|Any CPU.ActiveCfg = Debug|Any CPU
		{9E350419-A1C6-45C3-9C19-D1F823FED74A}.Debug|Any CPU.Build.0 = Debug|Any CPU
		{9E350419-A1C6-45C3-9C19-D1F823FED74A}.Release|Any CPU.ActiveCfg = Release|Any CPU
		{9E350419-A1C6-45C3-9C19-D1F823FED74A}.Release|Any CPU.Build.0 = Release|Any CPU
		{96B8894C-736F-4344-B0FB-58E298737897}.Debug|Any CPU.ActiveCfg = Debug|Any CPU
		{96B8894C-736F-4344-B0FB-58E298737897}.Debug|Any CPU.Build.0 = Debug|Any CPU
		{96B8894C-736F-4344-B0FB-58E298737897}.Release|Any CPU.ActiveCfg = Release|Any CPU
		{96B8894C-736F-4344-B0FB-58E298737897}.Release|Any CPU.Build.0 = Release|Any CPU
		{B4CF15A5-DAE1-4EA4-BEC9-149EDEA5BF62}.Debug|Any CPU.ActiveCfg = Debug|Any CPU
		{B4CF15A5-DAE1-4EA4-BEC9-149EDEA5BF62}.Debug|Any CPU.Build.0 = Debug|Any CPU
		{B4CF15A5-DAE1-4EA4-BEC9-149EDEA5BF62}.Release|Any CPU.ActiveCfg = Release|Any CPU
		{B4CF15A5-DAE1-4EA4-BEC9-149EDEA5BF62}.Release|Any CPU.Build.0 = Release|Any CPU
		{434400D9-0687-44D9-BF2F-49CDD3076854}.Debug|Any CPU.ActiveCfg = Debug|Any CPU
		{434400D9-0687-44D9-BF2F-49CDD3076854}.Debug|Any CPU.Build.0 = Debug|Any CPU
		{434400D9-0687-44D9-BF2F-49CDD3076854}.Release|Any CPU.ActiveCfg = Release|Any CPU
		{434400D9-0687-44D9-BF2F-49CDD3076854}.Release|Any CPU.Build.0 = Release|Any CPU
		{6991347E-567E-4FFE-9931-0B4D7F0226EF}.Debug|Any CPU.ActiveCfg = Debug|Any CPU
		{6991347E-567E-4FFE-9931-0B4D7F0226EF}.Debug|Any CPU.Build.0 = Debug|Any CPU
		{6991347E-567E-4FFE-9931-0B4D7F0226EF}.Release|Any CPU.ActiveCfg = Release|Any CPU
		{6991347E-567E-4FFE-9931-0B4D7F0226EF}.Release|Any CPU.Build.0 = Release|Any CPU
		{7172A937-EE41-4202-81AE-3EDEF7F52062}.Debug|Any CPU.ActiveCfg = Debug|Any CPU
		{7172A937-EE41-4202-81AE-3EDEF7F52062}.Debug|Any CPU.Build.0 = Debug|Any CPU
		{7172A937-EE41-4202-81AE-3EDEF7F52062}.Release|Any CPU.ActiveCfg = Debug|Any CPU
		{7172A937-EE41-4202-81AE-3EDEF7F52062}.Release|Any CPU.Build.0 = Debug|Any CPU
	EndGlobalSection
	GlobalSection(SolutionProperties) = preSolution
		HideSolutionNode = FALSE
	EndGlobalSection
EndGlobal
